# THIS IS AN AUTOGENERATED FILE. DO NOT EDIT THIS FILE DIRECTLY.
# yarn lockfile v1


"@types/node@^14.14.13":
  version "14.14.13"
  resolved "https://registry.npm.taobao.org/@types/node/download/@types/node-14.14.13.tgz?cache=0&sync_timestamp=1607858144715&other_urls=https%3A%2F%2Fregistry.npm.taobao.org%2F%40types%2Fnode%2Fdownload%2F%40types%2Fnode-14.14.13.tgz#9e425079799322113ae8477297ae6ef51b8e0cdf"
  integrity sha1-nkJQeXmTIhE66Edyl65u9RuODN8=

arg@^4.1.0:
  version "4.1.3"
  resolved "https://registry.npm.taobao.org/arg/download/arg-4.1.3.tgz?cache=0&other_urls=https%3A%2F%2Fregistry.npm.taobao.org%2Farg%2Fdownload%2Farg-4.1.3.tgz#269fc7ad5b8e42cb63c896d5666017261c144089"
  integrity sha1-Jp/HrVuOQstjyJbVZmAXJhwUQIk=

axios@^0.19.0:
  version "0.19.2"
  resolved "https://registry.npm.taobao.org/axios/download/axios-0.19.2.tgz#3ea36c5d8818d0d5f8a8a97a6d36b86cdc00cb27"
  integrity sha1-PqNsXYgY0NX4qKl6bTa4bNwAyyc=
  dependencies:
    follow-redirects "1.5.10"

buffer-from@^1.0.0:
  version "1.1.1"
  resolved "https://registry.npm.taobao.org/buffer-from/download/buffer-from-1.1.1.tgz#32713bc028f75c02fdb710d7c7bcec1f2c6070ef"
  integrity sha1-MnE7wCj3XAL9txDXx7zsHyxgcO8=

debug@=3.1.0:
  version "3.1.0"
  resolved "https://registry.npm.taobao.org/debug/download/debug-3.1.0.tgz?cache=0&sync_timestamp=1606566568533&other_urls=https%3A%2F%2Fregistry.npm.taobao.org%2Fdebug%2Fdownload%2Fdebug-3.1.0.tgz#5bb5a0672628b64149566ba16819e61518c67261"
  integrity sha1-W7WgZyYotkFJVmuhaBnmFRjGcmE=
  dependencies:
    ms "2.0.0"

diff@^4.0.1:
  version "4.0.2"
  resolved "https://registry.npm.taobao.org/diff/download/diff-4.0.2.tgz?cache=0&sync_timestamp=1604803779427&other_urls=https%3A%2F%2Fregistry.npm.taobao.org%2Fdiff%2Fdownload%2Fdiff-4.0.2.tgz#60f3aecb89d5fae520c11aa19efc2bb982aade7d"
  integrity sha1-YPOuy4nV+uUgwRqhnvwruYKq3n0=

follow-redirects@1.5.10:
  version "1.5.10"
  resolved "https://registry.npm.taobao.org/follow-redirects/download/follow-redirects-1.5.10.tgz#7b7a9f9aea2fdff36786a94ff643ed07f4ff5e2a"
  integrity sha1-e3qfmuov3/NnhqlP9kPtB/T/Xio=
  dependencies:
    debug "=3.1.0"

heap-js@^1.4.1:
  version "1.5.2"
  resolved "https://registry.npm.taobao.org/heap-js/download/heap-js-1.5.2.tgz#76f06496247de828dcbb79d6bb9445b66814407a"
  integrity sha1-dvBkliR96Cjcu3nWu5RFtmgUQHo=

heap@^0.2.6:
  version "0.2.6"
  resolved "https://registry.npm.taobao.org/heap/download/heap-0.2.6.tgz#087e1f10b046932fc8594dd9e6d378afc9d1e5ac"
  integrity sha1-CH4fELBGky/IWU3Z5tN4r8nR5aw=

make-error@^1.1.1:
  version "1.3.6"
  resolved "https://registry.npm.taobao.org/make-error/download/make-error-1.3.6.tgz?cache=0&sync_timestamp=1582106154960&other_urls=https%3A%2F%2Fregistry.npm.taobao.org%2Fmake-error%2Fdownload%2Fmake-error-1.3.6.tgz#2eb2e37ea9b67c4891f684a1394799af484cf7a2"
  integrity sha1-LrLjfqm2fEiR9oShOUeZr0hM96I=

ms@2.0.0:
  version "2.0.0"
  resolved "https://registry.npm.taobao.org/ms/download/ms-2.0.0.tgz?cache=0&sync_timestamp=1607434041105&other_urls=https%3A%2F%2Fregistry.npm.taobao.org%2Fms%2Fdownload%2Fms-2.0.0.tgz#5608aeadfc00be6c2901df5f9861788de0d597c8"
  integrity sha1-VgiurfwAvmwpAd9fmGF4jeDVl8g=

source-map-support@^0.5.17:
  version "0.5.19"
  resolved "https://registry.npm.taobao.org/source-map-support/download/source-map-support-0.5.19.tgz?cache=0&sync_timestamp=1587719202023&other_urls=https%3A%2F%2Fregistry.npm.taobao.org%2Fsource-map-support%2Fdownload%2Fsource-map-support-0.5.19.tgz#a98b62f86dcaf4f67399648c085291ab9e8fed61"
  integrity sha1-qYti+G3K9PZzmWSMCFKRq56P7WE=
  dependencies:
    buffer-from "^1.0.0"
    source-map "^0.6.0"

source-map@^0.6.0:
  version "0.6.1"
  resolved "https://registry.npm.taobao.org/source-map/download/source-map-0.6.1.tgz#74722af32e9614e9c287a8d0bbde48b5e2f1a263"
  integrity sha1-dHIq8y6WFOnCh6jQu95IteLxomM=

ts-node@^8.8.2:
  version "8.10.2"
  resolved "https://registry.npm.taobao.org/ts-node/download/ts-node-8.10.2.tgz?cache=0&sync_timestamp=1607351196091&other_urls=https%3A%2F%2Fregistry.npm.taobao.org%2Fts-node%2Fdownload%2Fts-node-8.10.2.tgz#eee03764633b1234ddd37f8db9ec10b75ec7fb8d"
  integrity sha1-7uA3ZGM7EjTd03+NuewQt17H+40=
  dependencies:
    arg "^4.1.0"
    diff "^4.0.1"
    make-error "^1.1.1"
    source-map-support "^0.5.17"
    yn "3.1.1"

typescript@^3.8.3:
  version "3.9.7"
  resolved "https://registry.npm.taobao.org/typescript/download/typescript-3.9.7.tgz?cache=0&sync_timestamp=1607503804963&other_urls=https%3A%2F%2Fregistry.npm.taobao.org%2Ftypescript%2Fdownload%2Ftypescript-3.9.7.tgz#98d600a5ebdc38f40cb277522f12dc800e9e25fa"
  integrity sha1-mNYApevcOPQMsndSLxLcgA6eJfo=

yn@3.1.1:
  version "3.1.1"
  resolved "https://registry.npm.taobao.org/yn/download/yn-3.1.1.tgz?cache=0&other_urls=https%3A%2F%2Fregistry.npm.taobao.org%2Fyn%2Fdownload%2Fyn-3.1.1.tgz#1e87401a09d767c1d5eab26a6e4c185182d2eb50"
  integrity sha1-HodAGgnXZ8HV6rJqbkwYUYLS61A=
